
Microsoft Visual Studio Solution File, Format Version 12.00
# Visual Studio Version 17
VisualStudioVersion = 17.5.33516.290
MinimumVisualStudioVersion = 10.0.40219.1
Project("{FAE04EC0-301F-11D3-BF4B-00C04F79EFBC}") = "vislice", "vislice.csproj", "{D133CECC-B25E-41F9-86B9-9B01B13163B3}"
EndProject
Global
	GlobalSection(SolutionConfigurationPlatforms) = preSolution
		Debug|Any CPU = Debug|Any CPU
		Release|Any CPU = Release|Any CPU
	EndGlobalSection
	GlobalSection(ProjectConfigurationPlatforms) = postSolution
		{D133CECC-B25E-41F9-86B9-9B01B13163B3}.Debug|Any CPU.ActiveCfg = Debug|Any CPU
		{D133CECC-B25E-41F9-86B9-9B01B13163B3}.Debug|Any CPU.Build.0 = Debug|Any CPU
		{D133CECC-B25E-41F9-86B9-9B01B13163B3}.Release|Any CPU.ActiveCfg = Release|Any CPU
		{D133CECC-B25E-41F9-86B9-9B01B13163B3}.Release|Any CPU.Build.0 = Release|Any CPU
	EndGlobalSection
	GlobalSection(SolutionProperties) = preSolution
		HideSolutionNode = FALSE
	EndGlobalSection
	GlobalSection(ExtensibilityGlobals) = postSolution
		SolutionGuid = {2AD393E2-2776-423E-AAC7-64B7C2ABF179}
	EndGlobalSection
EndGlobal
